
Microsoft Visual Studio Solution File, Format Version 12.00
# Visual Studio Version 17
VisualStudioVersion = 17.5.33627.172
MinimumVisualStudioVersion = 10.0.40219.1
Project("{9A19103F-16F7-4668-BE54-9A1E7A4F7556}") = "KampIntro", "KampIntro\KampIntro.csproj", "{65C4244D-08BA-4BDA-8A4A-17833C638207}"
EndProject
Project("{9A19103F-16F7-4668-BE54-9A1E7A4F7556}") = "Donguler", "Donguler\Donguler.csproj", "{0CA87D7E-850D-4479-9F46-766CD01ACF5C}"
EndProject
Project("{9A19103F-16F7-4668-BE54-9A1E7A4F7556}") = "ClassIntro", "ClassIntro\ClassIntro.csproj", "{B0B644FF-A103-4963-9841-D0F9FC1564B2}"
EndProject
Project("{9A19103F-16F7-4668-BE54-9A1E7A4F7556}") = "Metotlar", "Metotlar\Metotlar.csproj", "{D16AFDA7-5EC9-44F0-8DCF-0D84A4ACDB72}"
EndProject
Project("{9A19103F-16F7-4668-BE54-9A1E7A4F7556}") = "Matematik", "Matematik\Matematik.csproj", "{097283BE-55BF-42A0-987B-8616838F0895}"
EndProject
Project("{9A19103F-16F7-4668-BE54-9A1E7A4F7556}") = "DegerVeReferansTipler", "DegerVeReferansTipler\DegerVeReferansTipler.csproj", "{E38296D3-5EE4-4F37-B89D-4FF90FDEA220}"
EndProject
Project("{9A19103F-16F7-4668-BE54-9A1E7A4F7556}") = "ClassMethotDemo", "ClassMethotDemo\ClassMethotDemo.csproj", "{6E06925A-83A0-4E24-A3E1-996CC5590CB3}"
EndProject
Project("{9A19103F-16F7-4668-BE54-9A1E7A4F7556}") = "OOP1", "OOP1\OOP1.csproj", "{6F74895F-B696-4F79-8533-580ABE163C76}"
EndProject
Project("{9A19103F-16F7-4668-BE54-9A1E7A4F7556}") = "Koleksiyonlar", "Koleksiyonlar\Koleksiyonlar.csproj", "{DC2E8A50-DB29-40B6-9E04-52F82FF96D29}"
EndProject
Project("{9A19103F-16F7-4668-BE54-9A1E7A4F7556}") = "GenericsIntro", "GenericsIntro\GenericsIntro.csproj", "{6AED691D-30A0-4F06-BD73-1CBE2130DC3D}"
EndProject
Project("{9A19103F-16F7-4668-BE54-9A1E7A4F7556}") = "Odev_1", "Odevler\Odev_1.csproj", "{4BE726AE-39B2-4E2D-98A7-333F49DB356D}"
EndProject
Project("{9A19103F-16F7-4668-BE54-9A1E7A4F7556}") = "Dictionary", "Dictionary\Dictionary.csproj", "{6A1C6FED-35A4-40FB-864E-E287C077FAEC}"
EndProject
Project("{9A19103F-16F7-4668-BE54-9A1E7A4F7556}") = "Oop2", "Oop2\Oop2.csproj", "{B0A74F49-82BF-46EE-9CBD-675BCF802AF6}"
EndProject
Project("{9A19103F-16F7-4668-BE54-9A1E7A4F7556}") = "OOP3", "OOP3\OOP3.csproj", "{E4575E44-2847-4B17-9227-FCE70F9A4CB3}"
EndProject
Project("{FAE04EC0-301F-11D3-BF4B-00C04F79EFBC}") = "GameProjectDemo", "GameProjectDemo\GameProjectDemo.csproj", "{E2D184BA-7EC9-4A26-938B-D4ED1F6EF976}"
EndProject
Global
	GlobalSection(SolutionConfigurationPlatforms) = preSolution
		Debug|Any CPU = Debug|Any CPU
		Release|Any CPU = Release|Any CPU
	EndGlobalSection
	GlobalSection(ProjectConfigurationPlatforms) = postSolution
		{65C4244D-08BA-4BDA-8A4A-17833C638207}.Debug|Any CPU.ActiveCfg = Debug|Any CPU
		{65C4244D-08BA-4BDA-8A4A-17833C638207}.Debug|Any CPU.Build.0 = Debug|Any CPU
		{65C4244D-08BA-4BDA-8A4A-17833C638207}.Release|Any CPU.ActiveCfg = Release|Any CPU
		{65C4244D-08BA-4BDA-8A4A-17833C638207}.Release|Any CPU.Build.0 = Release|Any CPU
		{0CA87D7E-850D-4479-9F46-766CD01ACF5C}.Debug|Any CPU.ActiveCfg = Debug|Any CPU
		{0CA87D7E-850D-4479-9F46-766CD01ACF5C}.Debug|Any CPU.Build.0 = Debug|Any CPU
		{0CA87D7E-850D-4479-9F46-766CD01ACF5C}.Release|Any CPU.ActiveCfg = Release|Any CPU
		{0CA87D7E-850D-4479-9F46-766CD01ACF5C}.Release|Any CPU.Build.0 = Release|Any CPU
		{B0B644FF-A103-4963-9841-D0F9FC1564B2}.Debug|Any CPU.ActiveCfg = Debug|Any CPU
		{B0B644FF-A103-4963-9841-D0F9FC1564B2}.Debug|Any CPU.Build.0 = Debug|Any CPU
		{B0B644FF-A103-4963-9841-D0F9FC1564B2}.Release|Any CPU.ActiveCfg = Release|Any CPU
		{B0B644FF-A103-4963-9841-D0F9FC1564B2}.Release|Any CPU.Build.0 = Release|Any CPU
		{D16AFDA7-5EC9-44F0-8DCF-0D84A4ACDB72}.Debug|Any CPU.ActiveCfg = Debug|Any CPU
		{D16AFDA7-5EC9-44F0-8DCF-0D84A4ACDB72}.Debug|Any CPU.Build.0 = Debug|Any CPU
		{D16AFDA7-5EC9-44F0-8DCF-0D84A4ACDB72}.Release|Any CPU.ActiveCfg = Release|Any CPU
		{D16AFDA7-5EC9-44F0-8DCF-0D84A4ACDB72}.Release|Any CPU.Build.0 = Release|Any CPU
		{097283BE-55BF-42A0-987B-8616838F0895}.Debug|Any CPU.ActiveCfg = Debug|Any CPU
		{097283BE-55BF-42A0-987B-8616838F0895}.Debug|Any CPU.Build.0 = Debug|Any CPU
		{097283BE-55BF-42A0-987B-8616838F0895}.Release|Any CPU.ActiveCfg = Release|Any CPU
		{097283BE-55BF-42A0-987B-8616838F0895}.Release|Any CPU.Build.0 = Release|Any CPU
		{E38296D3-5EE4-4F37-B89D-4FF90FDEA220}.Debug|Any CPU.ActiveCfg = Debug|Any CPU
		{E38296D3-5EE4-4F37-B89D-4FF90FDEA220}.Debug|Any CPU.Build.0 = Debug|Any CPU
		{E38296D3-5EE4-4F37-B89D-4FF90FDEA220}.Release|Any CPU.ActiveCfg = Release|Any CPU
		{E38296D3-5EE4-4F37-B89D-4FF90FDEA220}.Release|Any CPU.Build.0 = Release|Any CPU
		{6E06925A-83A0-4E24-A3E1-996CC5590CB3}.Debug|Any CPU.ActiveCfg = Debug|Any CPU
		{6E06925A-83A0-4E24-A3E1-996CC5590CB3}.Debug|Any CPU.Build.0 = Debug|Any CPU
		{6E06925A-83A0-4E24-A3E1-996CC5590CB3}.Release|Any CPU.ActiveCfg = Release|Any CPU
		{6E06925A-83A0-4E24-A3E1-996CC5590CB3}.Release|Any CPU.Build.0 = Release|Any CPU
		{6F74895F-B696-4F79-8533-580ABE163C76}.Debug|Any CPU.ActiveCfg = Debug|Any CPU
		{6F74895F-B696-4F79-8533-580ABE163C76}.Debug|Any CPU.Build.0 = Debug|Any CPU
		{6F74895F-B696-4F79-8533-580ABE163C76}.Release|Any CPU.ActiveCfg = Release|Any CPU
		{6F74895F-B696-4F79-8533-580ABE163C76}.Release|Any CPU.Build.0 = Release|Any CPU
		{DC2E8A50-DB29-40B6-9E04-52F82FF96D29}.Debug|Any CPU.ActiveCfg = Debug|Any CPU
		{DC2E8A50-DB29-40B6-9E04-52F82FF96D29}.Debug|Any CPU.Build.0 = Debug|Any CPU
		{DC2E8A50-DB29-40B6-9E04-52F82FF96D29}.Release|Any CPU.ActiveCfg = Release|Any CPU
		{DC2E8A50-DB29-40B6-9E04-52F82FF96D29}.Release|Any CPU.Build.0 = Release|Any CPU
		{6AED691D-30A0-4F06-BD73-1CBE2130DC3D}.Debug|Any CPU.ActiveCfg = Debug|Any CPU
		{6AED691D-30A0-4F06-BD73-1CBE2130DC3D}.Debug|Any CPU.Build.0 = Debug|Any CPU
		{6AED691D-30A0-4F06-BD73-1CBE2130DC3D}.Release|Any CPU.ActiveCfg = Release|Any CPU
		{6AED691D-30A0-4F06-BD73-1CBE2130DC3D}.Release|Any CPU.Build.0 = Release|Any CPU
		{4BE726AE-39B2-4E2D-98A7-333F49DB356D}.Debug|Any CPU.ActiveCfg = Debug|Any CPU
		{4BE726AE-39B2-4E2D-98A7-333F49DB356D}.Debug|Any CPU.Build.0 = Debug|Any CPU
		{4BE726AE-39B2-4E2D-98A7-333F49DB356D}.Release|Any CPU.ActiveCfg = Release|Any CPU
		{4BE726AE-39B2-4E2D-98A7-333F49DB356D}.Release|Any CPU.Build.0 = Release|Any CPU
		{6A1C6FED-35A4-40FB-864E-E287C077FAEC}.Debug|Any CPU.ActiveCfg = Debug|Any CPU
		{6A1C6FED-35A4-40FB-864E-E287C077FAEC}.Debug|Any CPU.Build.0 = Debug|Any CPU
		{6A1C6FED-35A4-40FB-864E-E287C077FAEC}.Release|Any CPU.ActiveCfg = Release|Any CPU
		{6A1C6FED-35A4-40FB-864E-E287C077FAEC}.Release|Any CPU.Build.0 = Release|Any CPU
		{B0A74F49-82BF-46EE-9CBD-675BCF802AF6}.Debug|Any CPU.ActiveCfg = Debug|Any CPU
		{B0A74F49-82BF-46EE-9CBD-675BCF802AF6}.Debug|Any CPU.Build.0 = Debug|Any CPU
		{B0A74F49-82BF-46EE-9CBD-675BCF802AF6}.Release|Any CPU.ActiveCfg = Release|Any CPU
		{B0A74F49-82BF-46EE-9CBD-675BCF802AF6}.Release|Any CPU.Build.0 = Release|Any CPU
		{E4575E44-2847-4B17-9227-FCE70F9A4CB3}.Debug|Any CPU.ActiveCfg = Debug|Any CPU
		{E4575E44-2847-4B17-9227-FCE70F9A4CB3}.Debug|Any CPU.Build.0 = Debug|Any CPU
		{E4575E44-2847-4B17-9227-FCE70F9A4CB3}.Release|Any CPU.ActiveCfg = Release|Any CPU
		{E4575E44-2847-4B17-9227-FCE70F9A4CB3}.Release|Any CPU.Build.0 = Release|Any CPU
		{E2D184BA-7EC9-4A26-938B-D4ED1F6EF976}.Debug|Any CPU.ActiveCfg = Debug|Any CPU
		{E2D184BA-7EC9-4A26-938B-D4ED1F6EF976}.Debug|Any CPU.Build.0 = Debug|Any CPU
		{E2D184BA-7EC9-4A26-938B-D4ED1F6EF976}.Release|Any CPU.ActiveCfg = Release|Any CPU
		{E2D184BA-7EC9-4A26-938B-D4ED1F6EF976}.Release|Any CPU.Build.0 = Release|Any CPU
	EndGlobalSection
	GlobalSection(SolutionProperties) = preSolution
		HideSolutionNode = FALSE
	EndGlobalSection
	GlobalSection(ExtensibilityGlobals) = postSolution
		SolutionGuid = {60C5DDA4-043C-41EA-90B7-318E1F19F12B}
	EndGlobalSection
EndGlobal
